
Microsoft Visual Studio Solution File, Format Version 12.00
# Visual Studio 2012
Project("{888888A0-9F3D-457C-B088-3A5042F75D52}") = "vk_data_analyze", "vk_data_analyze.pyproj", "{6FF2C47F-782B-4EFC-AC6E-56DE833C14D3}"
EndProject
Global
	GlobalSection(SolutionConfigurationPlatforms) = preSolution
		Debug|Any CPU = Debug|Any CPU
		Release|Any CPU = Release|Any CPU
	EndGlobalSection
	GlobalSection(ProjectConfigurationPlatforms) = postSolution
		{6FF2C47F-782B-4EFC-AC6E-56DE833C14D3}.Debug|Any CPU.ActiveCfg = Debug|Any CPU
		{6FF2C47F-782B-4EFC-AC6E-56DE833C14D3}.Debug|Any CPU.Build.0 = Debug|Any CPU
		{6FF2C47F-782B-4EFC-AC6E-56DE833C14D3}.Release|Any CPU.ActiveCfg = Release|Any CPU
		{6FF2C47F-782B-4EFC-AC6E-56DE833C14D3}.Release|Any CPU.Build.0 = Release|Any CPU
	EndGlobalSection
	GlobalSection(SolutionProperties) = preSolution
		HideSolutionNode = FALSE
	EndGlobalSection
EndGlobal
